
Microsoft Visual Studio Solution File, Format Version 12.00
# Visual Studio Version 17
VisualStudioVersion = 17.7.34024.191
MinimumVisualStudioVersion = 10.0.40219.1
Project("{FAE04EC0-301F-11D3-BF4B-00C04F79EFBC}") = "BankApplication", "BankApplication\BankApplication.csproj", "{DF7CB1B0-B127-410B-9135-2B4FAE8D3C94}"
EndProject
Global
	GlobalSection(SolutionConfigurationPlatforms) = preSolution
		Debug|Any CPU = Debug|Any CPU
		Release|Any CPU = Release|Any CPU
	EndGlobalSection
	GlobalSection(ProjectConfigurationPlatforms) = postSolution
		{DF7CB1B0-B127-410B-9135-2B4FAE8D3C94}.Debug|Any CPU.ActiveCfg = Debug|Any CPU
		{DF7CB1B0-B127-410B-9135-2B4FAE8D3C94}.Debug|Any CPU.Build.0 = Debug|Any CPU
		{DF7CB1B0-B127-410B-9135-2B4FAE8D3C94}.Release|Any CPU.ActiveCfg = Release|Any CPU
		{DF7CB1B0-B127-410B-9135-2B4FAE8D3C94}.Release|Any CPU.Build.0 = Release|Any CPU
	EndGlobalSection
	GlobalSection(SolutionProperties) = preSolution
		HideSolutionNode = FALSE
	EndGlobalSection
	GlobalSection(ExtensibilityGlobals) = postSolution
		SolutionGuid = {7CEF8FEA-F8D4-4D44-89FE-BA063273C8E0}
	EndGlobalSection
EndGlobal
